
Microsoft Visual Studio Solution File, Format Version 12.00
# Visual Studio Version 17
VisualStudioVersion = 17.0.31521.260
MinimumVisualStudioVersion = 10.0.40219.1
Project("{9A19103F-16F7-4668-BE54-9A1E7A4F7556}") = "Portfolio2021", "Portfolio2021\Portfolio2021.csproj", "{E7FCCB47-3E17-42E5-AFD8-AD538806F342}"
EndProject
Project("{9A19103F-16F7-4668-BE54-9A1E7A4F7556}") = "Portfolio.Conway", "Portfolio.Conway\Portfolio.Conway.csproj", "{1DF4279B-57C1-4E3F-960E-7AC440EAEABA}"
EndProject
Global
	GlobalSection(SolutionConfigurationPlatforms) = preSolution
		Debug|Any CPU = Debug|Any CPU
		Release|Any CPU = Release|Any CPU
	EndGlobalSection
	GlobalSection(ProjectConfigurationPlatforms) = postSolution
		{E7FCCB47-3E17-42E5-AFD8-AD538806F342}.Debug|Any CPU.ActiveCfg = Debug|Any CPU
		{E7FCCB47-3E17-42E5-AFD8-AD538806F342}.Debug|Any CPU.Build.0 = Debug|Any CPU
		{E7FCCB47-3E17-42E5-AFD8-AD538806F342}.Release|Any CPU.ActiveCfg = Release|Any CPU
		{E7FCCB47-3E17-42E5-AFD8-AD538806F342}.Release|Any CPU.Build.0 = Release|Any CPU
		{1DF4279B-57C1-4E3F-960E-7AC440EAEABA}.Debug|Any CPU.ActiveCfg = Debug|Any CPU
		{1DF4279B-57C1-4E3F-960E-7AC440EAEABA}.Debug|Any CPU.Build.0 = Debug|Any CPU
		{1DF4279B-57C1-4E3F-960E-7AC440EAEABA}.Release|Any CPU.ActiveCfg = Release|Any CPU
		{1DF4279B-57C1-4E3F-960E-7AC440EAEABA}.Release|Any CPU.Build.0 = Release|Any CPU
	EndGlobalSection
	GlobalSection(SolutionProperties) = preSolution
		HideSolutionNode = FALSE
	EndGlobalSection
	GlobalSection(ExtensibilityGlobals) = postSolution
		SolutionGuid = {86416766-B60A-48A9-BAA2-D38DA9D59D2F}
	EndGlobalSection
EndGlobal
